// !$*UTF8*$!
{
	archiveVersion = 1;
	classes = {
	};
	objectVersion = 46;
	objects = {

/* Begin PBXBuildFile section */
		145D84912A4401A71FF27B5C /* libPods.a in Frameworks */ = {isa = PBXBuildFile; fileRef = FD187EBBB60ED09BE1B4B736 /* libPods.a */; };
		177AE3471A81C2450065F0EF /* MovieCell.m in Sources */ = {isa = PBXBuildFile; fileRef = 177AE3451A81C2450065F0EF /* MovieCell.m */; };
		177AE3481A81C2450065F0EF /* MovieCell.xib in Resources */ = {isa = PBXBuildFile; fileRef = 177AE3461A81C2450065F0EF /* MovieCell.xib */; };
		17ECD6731A81D8AA00FD370D /* MovieDetailViewController.m in Sources */ = {isa = PBXBuildFile; fileRef = 17ECD6711A81D8AA00FD370D /* MovieDetailViewController.m */; };
		17ECD6741A81D8AA00FD370D /* MovieDetailViewController.xib in Resources */ = {isa = PBXBuildFile; fileRef = 17ECD6721A81D8AA00FD370D /* MovieDetailViewController.xib */; };
		17ED0CFA1A80B73300AB251D /* main.m in Sources */ = {isa = PBXBuildFile; fileRef = 17ED0CF91A80B73300AB251D /* main.m */; };
		17ED0CFD1A80B73300AB251D /* AppDelegate.m in Sources */ = {isa = PBXBuildFile; fileRef = 17ED0CFC1A80B73300AB251D /* AppDelegate.m */; };
		17ED0D051A80B73300AB251D /* Images.xcassets in Resources */ = {isa = PBXBuildFile; fileRef = 17ED0D041A80B73300AB251D /* Images.xcassets */; };
		17ED0D081A80B73300AB251D /* LaunchScreen.xib in Resources */ = {isa = PBXBuildFile; fileRef = 17ED0D061A80B73300AB251D /* LaunchScreen.xib */; };
		17ED0D141A80B73300AB251D /* Rotten_TomatoesTests.m in Sources */ = {isa = PBXBuildFile; fileRef = 17ED0D131A80B73300AB251D /* Rotten_TomatoesTests.m */; };
		17ED0D201A80B99D00AB251D /* MoviesViewController.m in Sources */ = {isa = PBXBuildFile; fileRef = 17ED0D1E1A80B99D00AB251D /* MoviesViewController.m */; };
		17ED0D211A80B99D00AB251D /* MoviesViewController.xib in Resources */ = {isa = PBXBuildFile; fileRef = 17ED0D1F1A80B99D00AB251D /* MoviesViewController.xib */; };
/* End PBXBuildFile section */

/* Begin PBXContainerItemProxy section */
		17ED0D0E1A80B73300AB251D /* PBXContainerItemProxy */ = {
			isa = PBXContainerItemProxy;
			containerPortal = 17ED0CEC1A80B73300AB251D /* Project object */;
			proxyType = 1;
			remoteGlobalIDString = 17ED0CF31A80B73300AB251D;
			remoteInfo = "Rotten Tomatoes";
		};
/* End PBXContainerItemProxy section */

/* Begin PBXFileReference section */
		177AE3441A81C2450065F0EF /* MovieCell.h */ = {isa = PBXFileReference; fileEncoding = 4; lastKnownFileType = sourcecode.c.h; path = MovieCell.h; sourceTree = "<group>"; };
		177AE3451A81C2450065F0EF /* MovieCell.m */ = {isa = PBXFileReference; fileEncoding = 4; lastKnownFileType = sourcecode.c.objc; path = MovieCell.m; sourceTree = "<group>"; };
		177AE3461A81C2450065F0EF /* MovieCell.xib */ = {isa = PBXFileReference; fileEncoding = 4; lastKnownFileType = file.xib; path = MovieCell.xib; sourceTree = "<group>"; };
		17ECD6701A81D8AA00FD370D /* MovieDetailViewController.h */ = {isa = PBXFileReference; fileEncoding = 4; lastKnownFileType = sourcecode.c.h; path = MovieDetailViewController.h; sourceTree = "<group>"; };
		17ECD6711A81D8AA00FD370D /* MovieDetailViewController.m */ = {isa = PBXFileReference; fileEncoding = 4; lastKnownFileType = sourcecode.c.objc; path = MovieDetailViewController.m; sourceTree = "<group>"; };
		17ECD6721A81D8AA00FD370D /* MovieDetailViewController.xib */ = {isa = PBXFileReference; fileEncoding = 4; lastKnownFileType = file.xib; path = MovieDetailViewController.xib; sourceTree = "<group>"; };
		17ED0CF41A80B73300AB251D /* Rotten Tomatoes.app */ = {isa = PBXFileReference; explicitFileType = wrapper.application; includeInIndex = 0; path = "Rotten Tomatoes.app"; sourceTree = BUILT_PRODUCTS_DIR; };
		17ED0CF81A80B73300AB251D /* Info.plist */ = {isa = PBXFileReference; lastKnownFileType = text.plist.xml; path = Info.plist; sourceTree = "<group>"; };
		17ED0CF91A80B73300AB251D /* main.m */ = {isa = PBXFileReference; lastKnownFileType = sourcecode.c.objc; path = main.m; sourceTree = "<group>"; };
		17ED0CFB1A80B73300AB251D /* AppDelegate.h */ = {isa = PBXFileReference; lastKnownFileType = sourcecode.c.h; path = AppDelegate.h; sourceTree = "<group>"; };
		17ED0CFC1A80B73300AB251D /* AppDelegate.m */ = {isa = PBXFileReference; lastKnownFileType = sourcecode.c.objc; path = AppDelegate.m; sourceTree = "<group>"; };
		17ED0D041A80B73300AB251D /* Images.xcassets */ = {isa = PBXFileReference; lastKnownFileType = folder.assetcatalog; path = Images.xcassets; sourceTree = "<group>"; };
		17ED0D071A80B73300AB251D /* Base */ = {isa = PBXFileReference; lastKnownFileType = file.xib; name = Base; path = Base.lproj/LaunchScreen.xib; sourceTree = "<group>"; };
		17ED0D0D1A80B73300AB251D /* Rotten TomatoesTests.xctest */ = {isa = PBXFileReference; explicitFileType = wrapper.cfbundle; includeInIndex = 0; path = "Rotten TomatoesTests.xctest"; sourceTree = BUILT_PRODUCTS_DIR; };
		17ED0D121A80B73300AB251D /* Info.plist */ = {isa = PBXFileReference; lastKnownFileType = text.plist.xml; path = Info.plist; sourceTree = "<group>"; };
		17ED0D131A80B73300AB251D /* Rotten_TomatoesTests.m */ = {isa = PBXFileReference; lastKnownFileType = sourcecode.c.objc; path = Rotten_TomatoesTests.m; sourceTree = "<group>"; };
		17ED0D1D1A80B99D00AB251D /* MoviesViewController.h */ = {isa = PBXFileReference; fileEncoding = 4; lastKnownFileType = sourcecode.c.h; path = MoviesViewController.h; sourceTree = "<group>"; };
		17ED0D1E1A80B99D00AB251D /* MoviesViewController.m */ = {isa = PBXFileReference; fileEncoding = 4; lastKnownFileType = sourcecode.c.objc; path = MoviesViewController.m; sourceTree = "<group>"; };
		17ED0D1F1A80B99D00AB251D /* MoviesViewController.xib */ = {isa = PBXFileReference; fileEncoding = 4; lastKnownFileType = file.xib; path = MoviesViewController.xib; sourceTree = "<group>"; };
		53ED2F850FDD075EB7A2DAC1 /* Pods.debug.xcconfig */ = {isa = PBXFileReference; includeInIndex = 1; lastKnownFileType = text.xcconfig; name = Pods.debug.xcconfig; path = "Pods/Target Support Files/Pods/Pods.debug.xcconfig"; sourceTree = "<group>"; };
		7DAA38EBEA5133B9B7279EC6 /* Pods.release.xcconfig */ = {isa = PBXFileReference; includeInIndex = 1; lastKnownFileType = text.xcconfig; name = Pods.release.xcconfig; path = "Pods/Target Support Files/Pods/Pods.release.xcconfig"; sourceTree = "<group>"; };
		FD187EBBB60ED09BE1B4B736 /* libPods.a */ = {isa = PBXFileReference; explicitFileType = archive.ar; includeInIndex = 0; path = libPods.a; sourceTree = BUILT_PRODUCTS_DIR; };
/* End PBXFileReference section */

/* Begin PBXFrameworksBuildPhase section */
		17ED0CF11A80B73300AB251D /* Frameworks */ = {
			isa = PBXFrameworksBuildPhase;
			buildActionMask = 2147483647;
			files = (
				145D84912A4401A71FF27B5C /* libPods.a in Frameworks */,
			);
			runOnlyForDeploymentPostprocessing = 0;
		};
		17ED0D0A1A80B73300AB251D /* Frameworks */ = {
			isa = PBXFrameworksBuildPhase;
			buildActionMask = 2147483647;
			files = (
			);
			runOnlyForDeploymentPostprocessing = 0;
		};
/* End PBXFrameworksBuildPhase section */

/* Begin PBXGroup section */
		177AE3431A81C2070065F0EF /* Views */ = {
			isa = PBXGroup;
			children = (
				177AE3441A81C2450065F0EF /* MovieCell.h */,
				177AE3451A81C2450065F0EF /* MovieCell.m */,
				177AE3461A81C2450065F0EF /* MovieCell.xib */,
			);
			name = Views;
			sourceTree = "<group>";
		};
		17ED0CEB1A80B73300AB251D = {
			isa = PBXGroup;
			children = (
				17ED0CF61A80B73300AB251D /* Rotten Tomatoes */,
				17ED0D101A80B73300AB251D /* Rotten TomatoesTests */,
				17ED0CF51A80B73300AB251D /* Products */,
				2411A718F43BD8A2E13823ED /* Pods */,
				6B6C97569B732ECA40045003 /* Frameworks */,
			);
			sourceTree = "<group>";
		};
		17ED0CF51A80B73300AB251D /* Products */ = {
			isa = PBXGroup;
			children = (
				17ED0CF41A80B73300AB251D /* Rotten Tomatoes.app */,
				17ED0D0D1A80B73300AB251D /* Rotten TomatoesTests.xctest */,
			);
			name = Products;
			sourceTree = "<group>";
		};
		17ED0CF61A80B73300AB251D /* Rotten Tomatoes */ = {
			isa = PBXGroup;
			children = (
				177AE3431A81C2070065F0EF /* Views */,
				17ED0D221A80B9A900AB251D /* View Controllers */,
				17ED0CFB1A80B73300AB251D /* AppDelegate.h */,
				17ED0CFC1A80B73300AB251D /* AppDelegate.m */,
				17ED0D041A80B73300AB251D /* Images.xcassets */,
				17ED0D061A80B73300AB251D /* LaunchScreen.xib */,
				17ED0CF71A80B73300AB251D /* Supporting Files */,
			);
			path = "Rotten Tomatoes";
			sourceTree = "<group>";
		};
		17ED0CF71A80B73300AB251D /* Supporting Files */ = {
			isa = PBXGroup;
			children = (
				17ED0CF81A80B73300AB251D /* Info.plist */,
				17ED0CF91A80B73300AB251D /* main.m */,
			);
			name = "Supporting Files";
			sourceTree = "<group>";
		};
		17ED0D101A80B73300AB251D /* Rotten TomatoesTests */ = {
			isa = PBXGroup;
			children = (
				17ED0D131A80B73300AB251D /* Rotten_TomatoesTests.m */,
				17ED0D111A80B73300AB251D /* Supporting Files */,
			);
			path = "Rotten TomatoesTests";
			sourceTree = "<group>";
		};
		17ED0D111A80B73300AB251D /* Supporting Files */ = {
			isa = PBXGroup;
			children = (
				17ED0D121A80B73300AB251D /* Info.plist */,
			);
			name = "Supporting Files";
			sourceTree = "<group>";
		};
		17ED0D221A80B9A900AB251D /* View Controllers */ = {
			isa = PBXGroup;
			children = (
				17ED0D1D1A80B99D00AB251D /* MoviesViewController.h */,
				17ED0D1E1A80B99D00AB251D /* MoviesViewController.m */,
				17ED0D1F1A80B99D00AB251D /* MoviesViewController.xib */,
				17ECD6701A81D8AA00FD370D /* MovieDetailViewController.h */,
				17ECD6711A81D8AA00FD370D /* MovieDetailViewController.m */,
				17ECD6721A81D8AA00FD370D /* MovieDetailViewController.xib */,
			);
			name = "View Controllers";
			sourceTree = "<group>";
		};
		2411A718F43BD8A2E13823ED /* Pods */ = {
			isa = PBXGroup;
			children = (
				53ED2F850FDD075EB7A2DAC1 /* Pods.debug.xcconfig */,
				7DAA38EBEA5133B9B7279EC6 /* Pods.release.xcconfig */,
			);
			name = Pods;
			sourceTree = "<group>";
		};
		6B6C97569B732ECA40045003 /* Frameworks */ = {
			isa = PBXGroup;
			children = (
				FD187EBBB60ED09BE1B4B736 /* libPods.a */,
			);
			name = Frameworks;
			sourceTree = "<group>";
		};
/* End PBXGroup section */

/* Begin PBXNativeTarget section */
		17ED0CF31A80B73300AB251D /* Rotten Tomatoes */ = {
			isa = PBXNativeTarget;
			buildConfigurationList = 17ED0D171A80B73300AB251D /* Build configuration list for PBXNativeTarget "Rotten Tomatoes" */;
			buildPhases = (
				6D0470A3EFDD953D81AA63C0 /* Check Pods Manifest.lock */,
				17ED0CF01A80B73300AB251D /* Sources */,
				17ED0CF11A80B73300AB251D /* Frameworks */,
				17ED0CF21A80B73300AB251D /* Resources */,
				62F1B874038BA72D31E0A2EA /* Copy Pods Resources */,
			);
			buildRules = (
			);
			dependencies = (
			);
			name = "Rotten Tomatoes";
			productName = "Rotten Tomatoes";
			productReference = 17ED0CF41A80B73300AB251D /* Rotten Tomatoes.app */;
			productType = "com.apple.product-type.application";
		};
		17ED0D0C1A80B73300AB251D /* Rotten TomatoesTests */ = {
			isa = PBXNativeTarget;
			buildConfigurationList = 17ED0D1A1A80B73300AB251D /* Build configuration list for PBXNativeTarget "Rotten TomatoesTests" */;
			buildPhases = (
				17ED0D091A80B73300AB251D /* Sources */,
				17ED0D0A1A80B73300AB251D /* Frameworks */,
				17ED0D0B1A80B73300AB251D /* Resources */,
			);
			buildRules = (
			);
			dependencies = (
				17ED0D0F1A80B73300AB251D /* PBXTargetDependency */,
			);
			name = "Rotten TomatoesTests";
			productName = "Rotten TomatoesTests";
			productReference = 17ED0D0D1A80B73300AB251D /* Rotten TomatoesTests.xctest */;
			productType = "com.apple.product-type.bundle.unit-test";
		};
/* End PBXNativeTarget section */

/* Begin PBXProject section */
		17ED0CEC1A80B73300AB251D /* Project object */ = {
			isa = PBXProject;
			attributes = {
				LastUpgradeCheck = 0610;
				ORGANIZATIONNAME = Box;
				TargetAttributes = {
					17ED0CF31A80B73300AB251D = {
						CreatedOnToolsVersion = 6.1.1;
					};
					17ED0D0C1A80B73300AB251D = {
						CreatedOnToolsVersion = 6.1.1;
						TestTargetID = 17ED0CF31A80B73300AB251D;
					};
				};
			};
			buildConfigurationList = 17ED0CEF1A80B73300AB251D /* Build configuration list for PBXProject "Rotten Tomatoes" */;
			compatibilityVersion = "Xcode 3.2";
			developmentRegion = English;
			hasScannedForEncodings = 0;
			knownRegions = (
				en,
				Base,
			);
			mainGroup = 17ED0CEB1A80B73300AB251D;
			productRefGroup = 17ED0CF51A80B73300AB251D /* Products */;
			projectDirPath = "";
			projectRoot = "";
			targets = (
				17ED0CF31A80B73300AB251D /* Rotten Tomatoes */,
				17ED0D0C1A80B73300AB251D /* Rotten TomatoesTests */,
			);
		};
/* End PBXProject section */

/* Begin PBXResourcesBuildPhase section */
		17ED0CF21A80B73300AB251D /* Resources */ = {
			isa = PBXResourcesBuildPhase;
			buildActionMask = 2147483647;
			files = (
				17ECD6741A81D8AA00FD370D /* MovieDetailViewController.xib in Resources */,
				17ED0D081A80B73300AB251D /* LaunchScreen.xib in Resources */,
				17ED0D211A80B99D00AB251D /* MoviesViewController.xib in Resources */,
				177AE3481A81C2450065F0EF /* MovieCell.xib in Resources */,
				17ED0D051A80B73300AB251D /* Images.xcassets in Resources */,
			);
			runOnlyForDeploymentPostprocessing = 0;
		};
		17ED0D0B1A80B73300AB251D /* Resources */ = {
			isa = PBXResourcesBuildPhase;
			buildActionMask = 2147483647;
			files = (
			);
			runOnlyForDeploymentPostprocessing = 0;
		};
/* End PBXResourcesBuildPhase section */

/* Begin PBXShellScriptBuildPhase section */
		62F1B874038BA72D31E0A2EA /* Copy Pods Resources */ = {
			isa = PBXShellScriptBuildPhase;
			buildActionMask = 2147483647;
			files = (
			);
			inputPaths = (
			);
			name = "Copy Pods Resources";
			outputPaths = (
			);
			runOnlyForDeploymentPostprocessing = 0;
			shellPath = /bin/sh;
			shellScript = "\"${SRCROOT}/Pods/Target Support Files/Pods/Pods-resources.sh\"\n";
			showEnvVarsInLog = 0;
		};
		6D0470A3EFDD953D81AA63C0 /* Check Pods Manifest.lock */ = {
			isa = PBXShellScriptBuildPhase;
			buildActionMask = 2147483647;
			files = (
			);
			inputPaths = (
			);
			name = "Check Pods Manifest.lock";
			outputPaths = (
			);
			runOnlyForDeploymentPostprocessing = 0;
			shellPath = /bin/sh;
			shellScript = "diff \"${PODS_ROOT}/../Podfile.lock\" \"${PODS_ROOT}/Manifest.lock\" > /dev/null\nif [[ $? != 0 ]] ; then\n    cat << EOM\nerror: The sandbox is not in sync with the Podfile.lock. Run 'pod install' or update your CocoaPods installation.\nEOM\n    exit 1\nfi\n";
			showEnvVarsInLog = 0;
		};
/* End PBXShellScriptBuildPhase section */

/* Begin PBXSourcesBuildPhase section */
		17ED0CF01A80B73300AB251D /* Sources */ = {
			isa = PBXSourcesBuildPhase;
			buildActionMask = 2147483647;
			files = (
				17ED0D201A80B99D00AB251D /* MoviesViewController.m in Sources */,
				17ED0CFD1A80B73300AB251D /* AppDelegate.m in Sources */,
				17ECD6731A81D8AA00FD370D /* MovieDetailViewController.m in Sources */,
				177AE3471A81C2450065F0EF /* MovieCell.m in Sources */,
				17ED0CFA1A80B73300AB251D /* main.m in Sources */,
			);
			runOnlyForDeploymentPostprocessing = 0;
		};
		17ED0D091A80B73300AB251D /* Sources */ = {
			isa = PBXSourcesBuildPhase;
			buildActionMask = 2147483647;
			files = (
				17ED0D141A80B73300AB251D /* Rotten_TomatoesTests.m in Sources */,
			);
			runOnlyForDeploymentPostprocessing = 0;
		};
/* End PBXSourcesBuildPhase section */

/* Begin PBXTargetDependency section */
		17ED0D0F1A80B73300AB251D /* PBXTargetDependency */ = {
			isa = PBXTargetDependency;
			target = 17ED0CF31A80B73300AB251D /* Rotten Tomatoes */;
			targetProxy = 17ED0D0E1A80B73300AB251D /* PBXContainerItemProxy */;
		};
/* End PBXTargetDependency section */

/* Begin PBXVariantGroup section */
		17ED0D061A80B73300AB251D /* LaunchScreen.xib */ = {
			isa = PBXVariantGroup;
			children = (
				17ED0D071A80B73300AB251D /* Base */,
			);
			name = LaunchScreen.xib;
			sourceTree = "<group>";
		};
/* End PBXVariantGroup section */

/* Begin XCBuildConfiguration section */
		17ED0D151A80B73300AB251D /* Debug */ = {
			isa = XCBuildConfiguration;
			buildSettings = {
				ALWAYS_SEARCH_USER_PATHS = NO;
				CLANG_CXX_LANGUAGE_STANDARD = "gnu++0x";
				CLANG_CXX_LIBRARY = "libc++";
				CLANG_ENABLE_MODULES = YES;
				CLANG_ENABLE_OBJC_ARC = YES;
				CLANG_WARN_BOOL_CONVERSION = YES;
				CLANG_WARN_CONSTANT_CONVERSION = YES;
				CLANG_WARN_DIRECT_OBJC_ISA_USAGE = YES_ERROR;
				CLANG_WARN_EMPTY_BODY = YES;
				CLANG_WARN_ENUM_CONVERSION = YES;
				CLANG_WARN_INT_CONVERSION = YES;
				CLANG_WARN_OBJC_ROOT_CLASS = YES_ERROR;
				CLANG_WARN_UNREACHABLE_CODE = YES;
				CLANG_WARN__DUPLICATE_METHOD_MATCH = YES;
				"CODE_SIGN_IDENTITY[sdk=iphoneos*]" = "iPhone Developer";
				COPY_PHASE_STRIP = NO;
				ENABLE_STRICT_OBJC_MSGSEND = YES;
				GCC_C_LANGUAGE_STANDARD = gnu99;
				GCC_DYNAMIC_NO_PIC = NO;
				GCC_OPTIMIZATION_LEVEL = 0;
				GCC_PREPROCESSOR_DEFINITIONS = (
					"DEBUG=1",
					"$(inherited)",
				);
				GCC_SYMBOLS_PRIVATE_EXTERN = NO;
				GCC_WARN_64_TO_32_BIT_CONVERSION = YES;
				GCC_WARN_ABOUT_RETURN_TYPE = YES_ERROR;
				GCC_WARN_UNDECLARED_SELECTOR = YES;
				GCC_WARN_UNINITIALIZED_AUTOS = YES_AGGRESSIVE;
				GCC_WARN_UNUSED_FUNCTION = YES;
				GCC_WARN_UNUSED_VARIABLE = YES;
				IPHONEOS_DEPLOYMENT_TARGET = 8.1;
				MTL_ENABLE_DEBUG_INFO = YES;
				ONLY_ACTIVE_ARCH = YES;
				SDKROOT = iphoneos;
			};
			name = Debug;
		};
		17ED0D161A80B73300AB251D /* Release */ = {
			isa = XCBuildConfiguration;
			buildSettings = {
				ALWAYS_SEARCH_USER_PATHS = NO;
				CLANG_CXX_LANGUAGE_STANDARD = "gnu++0x";
				CLANG_CXX_LIBRARY = "libc++";
				CLANG_ENABLE_MODULES = YES;
				CLANG_ENABLE_OBJC_ARC = YES;
				CLANG_WARN_BOOL_CONVERSION = YES;
				CLANG_WARN_CONSTANT_CONVERSION = YES;
				CLANG_WARN_DIRECT_OBJC_ISA_USAGE = YES_ERROR;
				CLANG_WARN_EMPTY_BODY = YES;
				CLANG_WARN_ENUM_CONVERSION = YES;
				CLANG_WARN_INT_CONVERSION = YES;
				CLANG_WARN_OBJC_ROOT_CLASS = YES_ERROR;
				CLANG_WARN_UNREACHABLE_CODE = YES;
				CLANG_WARN__DUPLICATE_METHOD_MATCH = YES;
				"CODE_SIGN_IDENTITY[sdk=iphoneos*]" = "iPhone Developer";
				COPY_PHASE_STRIP = YES;
				ENABLE_NS_ASSERTIONS = NO;
				ENABLE_STRICT_OBJC_MSGSEND = YES;
				GCC_C_LANGUAGE_STANDARD = gnu99;
				GCC_WARN_64_TO_32_BIT_CONVERSION = YES;
				GCC_WARN_ABOUT_RETURN_TYPE = YES_ERROR;
				GCC_WARN_UNDECLARED_SELECTOR = YES;
				GCC_WARN_UNINITIALIZED_AUTOS = YES_AGGRESSIVE;
				GCC_WARN_UNUSED_FUNCTION = YES;
				GCC_WARN_UNUSED_VARIABLE = YES;
				IPHONEOS_DEPLOYMENT_TARGET = 8.1;
				MTL_ENABLE_DEBUG_INFO = NO;
				SDKROOT = iphoneos;
				VALIDATE_PRODUCT = YES;
			};
			name = Release;
		};
		17ED0D181A80B73300AB251D /* Debug */ = {
			isa = XCBuildConfiguration;
			baseConfigurationReference = 53ED2F850FDD075EB7A2DAC1 /* Pods.debug.xcconfig */;
			buildSettings = {
				ASSETCATALOG_COMPILER_APPICON_NAME = AppIcon;
				ASSETCATALOG_COMPILER_LAUNCHIMAGE_NAME = LaunchImage;
				INFOPLIST_FILE = "Rotten Tomatoes/Info.plist";
				LD_RUNPATH_SEARCH_PATHS = "$(inherited) @executable_path/Frameworks";
				PRODUCT_NAME = "$(TARGET_NAME)";
			};
			name = Debug;
		};
		17ED0D191A80B73300AB251D /* Release */ = {
			isa = XCBuildConfiguration;
			baseConfigurationReference = 7DAA38EBEA5133B9B7279EC6 /* Pods.release.xcconfig */;
			buildSettings = {
				ASSETCATALOG_COMPILER_APPICON_NAME = AppIcon;
				ASSETCATALOG_COMPILER_LAUNCHIMAGE_NAME = LaunchImage;
				INFOPLIST_FILE = "Rotten Tomatoes/Info.plist";
				LD_RUNPATH_SEARCH_PATHS = "$(inherited) @executable_path/Frameworks";
				PRODUCT_NAME = "$(TARGET_NAME)";
			};
			name = Release;
		};
		17ED0D1B1A80B73300AB251D /* Debug */ = {
			isa = XCBuildConfiguration;
			buildSettings = {
				BUNDLE_LOADER = "$(TEST_HOST)";
				FRAMEWORK_SEARCH_PATHS = (
					"$(SDKROOT)/Developer/Library/Frameworks",
					"$(inherited)",
				);
				GCC_PREPROCESSOR_DEFINITIONS = (
					"DEBUG=1",
					"$(inherited)",
				);
				INFOPLIST_FILE = "Rotten TomatoesTests/Info.plist";
				LD_RUNPATH_SEARCH_PATHS = "$(inherited) @executable_path/Frameworks @loader_path/Frameworks";
				PRODUCT_NAME = "$(TARGET_NAME)";
				TEST_HOST = "$(BUILT_PRODUCTS_DIR)/Rotten Tomatoes.app/Rotten Tomatoes";
			};
			name = Debug;
		};
		17ED0D1C1A80B73300AB251D /* Release */ = {
			isa = XCBuildConfiguration;
			buildSettings = {
				BUNDLE_LOADER = "$(TEST_HOST)";
				FRAMEWORK_SEARCH_PATHS = (
					"$(SDKROOT)/Developer/Library/Frameworks",
					"$(inherited)",
				);
				INFOPLIST_FILE = "Rotten TomatoesTests/Info.plist";
				LD_RUNPATH_SEARCH_PATHS = "$(inherited) @executable_path/Frameworks @loader_path/Frameworks";
				PRODUCT_NAME = "$(TARGET_NAME)";
				TEST_HOST = "$(BUILT_PRODUCTS_DIR)/Rotten Tomatoes.app/Rotten Tomatoes";
			};
			name = Release;
		};
/* End XCBuildConfiguration section */

/* Begin XCConfigurationList section */
		17ED0CEF1A80B73300AB251D /* Build configuration list for PBXProject "Rotten Tomatoes" */ = {
			isa = XCConfigurationList;
			buildConfigurations = (
				17ED0D151A80B73300AB251D /* Debug */,
				17ED0D161A80B73300AB251D /* Release */,
			);
			defaultConfigurationIsVisible = 0;
			defaultConfigurationName = Release;
		};
		17ED0D171A80B73300AB251D /* Build configuration list for PBXNativeTarget "Rotten Tomatoes" */ = {
			isa = XCConfigurationList;
			buildConfigurations = (
				17ED0D181A80B73300AB251D /* Debug */,
				17ED0D191A80B73300AB251D /* Release */,
			);
			defaultConfigurationIsVisible = 0;
			defaultConfigurationName = Release;
		};
		17ED0D1A1A80B73300AB251D /* Build configuration list for PBXNativeTarget "Rotten TomatoesTests" */ = {
			isa = XCConfigurationList;
			buildConfigurations = (
				17ED0D1B1A80B73300AB251D /* Debug */,
				17ED0D1C1A80B73300AB251D /* Release */,
			);
			defaultConfigurationIsVisible = 0;
			defaultConfigurationName = Release;
		};
/* End XCConfigurationList section */
	};
	rootObject = 17ED0CEC1A80B73300AB251D /* Project object */;
}
